{
    "_meta": {
        "hash": {
            "sha256": "62c1c0eec6798fe0359e583fb22236855b922b8649f6fa916c705b4d21b97524"
        },
        "pipfile-spec": 6,
        "requires": {
            "python_version": "3.6"
        },
        "sources": [
            {
                "name": "pypi",
                "url": "https://pypi.org/simple",
                "verify_ssl": true
            }
        ]
    },
    "default": {
        "async-timeout": {
            "hashes": [
                "sha256:2163e1640ddb52b7a8c80d0a67a08587e5d245cc9c553a74a847056bc2976b15",
                "sha256:8ca1e4fcf50d07413d66d1a5e416e42cfdf5851c981d679a09851a6853383b3c"
            ],
            "markers": "python_version >= '3.6'",
            "version": "==4.0.2"
        },
        "importlib-metadata": {
            "hashes": [
                "sha256:65a9576a5b2d58ca44d133c42a241905cc45e34d2c06fd5ba2bafa221e5d7b5e",
                "sha256:766abffff765960fcc18003801f7044eb6755ffae4521c8e8ce8e83b9c9b0668"
            ],
            "markers": "python_version < '3.8'",
            "version": "==4.8.3"
        },
        "npyscreen": {
            "hashes": [
                "sha256:622ee0f9a5dae946e635b7c6e0f6d65e1ed3c9ea0d20b89dab7f58d580e5126e"
            ],
            "index": "pypi",
            "version": "==4.10.5"
        },
        "packaging": {
            "hashes": [
                "sha256:dd47c42927d89ab911e606518907cc2d3a1f38bbd026385970643f9c5b8ecfeb",
                "sha256:ef103e05f519cdc783ae24ea4e2e0f508a9c99b2d4969652eed6a2e1ea5bd522"
            ],
            "markers": "python_version >= '3.6'",
            "version": "==21.3"
        },
        "pyparsing": {
            "hashes": [
                "sha256:2b020ecf7d21b687f219b71ecad3631f644a47f01403fa1d1036b0c6416d70fb",
                "sha256:5026bae9a10eeaefb61dab2f09052b9f4307d44aee4eda64b309723d8d206bbc"
            ],
            "markers": "python_full_version >= '3.6.8'",
            "version": "==3.0.9"
        },
        "redis": {
            "hashes": [
                "sha256:1ea4018b8b5d8a13837f0f1c418959c90bfde0a605cb689e8070cff368a3b177",
                "sha256:7a462714dcbf7b1ad1acd81f2862b653cc8535cdfc879e28bf4947140797f948"
            ],
            "index": "pypi",
            "version": "==4.3.6"
        },
        "typing-extensions": {
            "hashes": [
                "sha256:1a9462dcc3347a79b1f1c0271fbe79e844580bb598bafa1ed208b94da3cdcd42",
                "sha256:21c85e0fe4b9a155d0799430b0ad741cdce7e359660ccbd8b530613e8df88ce2"
            ],
            "markers": "python_version < '3.8'",
            "version": "==4.1.1"
        },
        "zipp": {
            "hashes": [
                "sha256:71c644c5369f4a6e07636f0aa966270449561fcea2e3d6747b8d23efaa9d7832",
                "sha256:9fe5ea21568a0a70e50f273397638d39b03353731e6cbbb3fd8502a33fec40bc"
            ],
            "markers": "python_version >= '3.6'",
            "version": "==3.6.0"
        }
    },
    "develop": {
        "python-dotenv": {
            "hashes": [
                "sha256:81822227f771e0cab235a2939f0f265954ac4763cafd806d845801c863bf372f",
                "sha256:92b3123fb2d58a284f76cc92bfe4ee6c502c32ded73e8b051c4f6afc8b6751ed"
            ],
            "index": "pypi",
            "version": "==0.12.0"
        }
    }
}
