{
    "_meta": {
        "hash": {
            "sha256": "62c1c0eec6798fe0359e583fb22236855b922b8649f6fa916c705b4d21b97524"
        },
        "pipfile-spec": 6,
        "requires": {
            "python_version": "3.6"
        },
        "sources": [
            {
                "name": "pypi",
                "url": "https://pypi.org/simple",
                "verify_ssl": true
            }
        ]
    },
    "default": {
        "npyscreen": {
            "hashes": [
                "sha256:622ee0f9a5dae946e635b7c6e0f6d65e1ed3c9ea0d20b89dab7f58d580e5126e"
            ],
            "index": "pypi",
            "version": "==4.10.5"
        },
        "redis": {
            "hashes": [
                "sha256:0dcfb335921b88a850d461dc255ff4708294943322bd55de6cfd68972490ca1f",
                "sha256:b205cffd05ebfd0a468db74f0eedbff8df1a7bfc47521516ade4692991bb0833"
            ],
            "index": "pypi",
            "version": "==3.4.1"
        }
    },
    "develop": {
        "python-dotenv": {
            "hashes": [
                "sha256:81822227f771e0cab235a2939f0f265954ac4763cafd806d845801c863bf372f",
                "sha256:92b3123fb2d58a284f76cc92bfe4ee6c502c32ded73e8b051c4f6afc8b6751ed"
            ],
            "index": "pypi",
            "version": "==0.12.0"
        }
    }
}
